PODS:
  - AFNetworking (3.2.1):
    - AFNetworking/NSURLSession (= 3.2.1)
    - AFNetworking/Reachability (= 3.2.1)
    - AFNetworking/Security (= 3.2.1)
    - AFNetworking/Serialization (= 3.2.1)
    - AFNetworking/UIKit (= 3.2.1)
  - AFNetworking/NSURLSession (3.2.1):
    - AFNetworking/Reachability
    - AFNetworking/Security
    - AFNetworking/Serialization
  - AFNetworking/Reachability (3.2.1)
  - AFNetworking/Security (3.2.1)
  - AFNetworking/Serialization (3.2.1)
  - AFNetworking/UIKit (3.2.1):
    - AFNetworking/NSURLSession
  - ARChromeActivity (1.0.5)
  - BGFMDB (2.0.13):
    - BGFMDB/BG (= 2.0.13)
    - BGFMDB/FMDB (= 2.0.13)
  - BGFMDB/BG (2.0.13):
    - BGFMDB/FMDB
  - BGFMDB/FMDB (2.0.13)
  - DMProgressHUD (0.0.6)
  - iCards (1.1.0)
  - IconFont (0.0.2)
  - KINWebBrowser (1.3.2):
    - ARChromeActivity (= 1.0.5)
    - TUSafariActivity (= 1.0.4)
  - LGAlertView (2.0.13)
  - Masonry (1.1.0)
  - MBProgressHUD (1.0.0)
  - MJRefresh (3.1.15.7)
  - SDWebImage (4.0.0):
    - SDWebImage/Core (= 4.0.0)
  - SDWebImage/Core (4.0.0)
  - SSZipArchive (2.1.4)
  - TUSafariActivity (1.0.4)
  - TYPagerController (2.1.2)
  - UMCCommon (2.0.0)
  - UMCShare/Core (6.9.5):
    - UMCCommon
  - UMCShare/Social/ReducedQQ (6.9.5):
    - UMCCommon
    - UMCShare/Core
  - UMCShare/Social/ReducedSina (6.9.5):
    - UMCCommon
    - UMCShare/Core
  - UMCShare/Social/ReducedWeChat (6.9.5):
    - UMCCommon
    - UMCShare/Core
  - UMCShare/Social/WeChat (6.9.5):
    - UMCCommon
    - UMCShare/Core
    - UMCShare/Social/ReducedWeChat
  - WZLBadge (1.2.6)
  - YYImage (1.0.4):
    - YYImage/Core (= 1.0.4)
  - YYImage/Core (1.0.4)
  - YYImage/WebP (1.0.4):
    - YYImage/Core

DEPENDENCIES:
  - AFNetworking (~> 3.0)
  - BGFMDB (~> 2.0.9)
  - DMProgressHUD
  - iCards
  - IconFont (~> 0.0.2)
  - KINWebBrowser
  - LGAlertView (~> 2.0.0)
  - Masonry
  - MBProgressHUD (~> 1.0.0)
  - MJRefresh
  - SDWebImage (~> 4.0.0)
  - SSZipArchive
  - TYPagerController
  - UMCShare/Social/ReducedQQ
  - UMCShare/Social/ReducedSina
  - UMCShare/Social/WeChat
  - WZLBadge
  - YYImage
  - YYImage/WebP

SPEC REPOS:
  https://github.com/cocoapods/specs.git:
    - AFNetworking
    - ARChromeActivity
    - BGFMDB
    - DMProgressHUD
    - iCards
    - IconFont
    - KINWebBrowser
    - LGAlertView
    - Masonry
    - MBProgressHUD
    - MJRefresh
    - SDWebImage
    - SSZipArchive
    - TUSafariActivity
    - TYPagerController
    - UMCCommon
    - UMCShare
    - WZLBadge
    - YYImage

SPEC CHECKSUMS:
  AFNetworking: b6f891fdfaed196b46c7a83cf209e09697b94057
  ARChromeActivity: 821c7849b566f49583987468733a896fee35aa4d
  BGFMDB: 48e6823027232402a678acc7f71484b1fc9171d0
  DMProgressHUD: 08d99c8a3db0ae7a0c2d79c6939e8c32a5f8bfa1
  iCards: 9f29cbfc7770572e02d35767632bd01508e8afd2
  IconFont: 2ea71fd37ea03acdb6025050dd36318de9fa37d9
  KINWebBrowser: 27aa857a2aa39063ed102cca781d130b679d205f
  LGAlertView: 9a5dcbf4f81b02b718083539d7f222280adc9547
  Masonry: 678fab65091a9290e40e2832a55e7ab731aad201
  MBProgressHUD: 4890f671c94e8a0f3cf959aa731e9de2f036d71a
  MJRefresh: 697f8ec75ebdbe9207767bb682cf0f51b0d8a41f
  SDWebImage: 76a6348bdc74eb5a55dd08a091ef298e56b55e41
  SSZipArchive: 41455d4b8d2b6ab93990820b50dc697c2554a322
  TUSafariActivity: afc55a00965377939107ce4fdc7f951f62454546
  TYPagerController: 262556ecef99986d26ed77fb1288a198ed42f4af
  UMCCommon: 79b5a614c958db367113eed5740109d9a98e1223
  UMCShare: 552b29753f1b4da87b51d96545ed19e6263df397
  WZLBadge: 9ec779dcfd94c825518b395e8315fccaabff1bfa
  YYImage: 1e1b62a9997399593e4b9c4ecfbbabbf1d3f3b54

PODFILE CHECKSUM: 2d3a3f222d3f026dabc2440b111ce9633e05e070

COCOAPODS: 1.5.3
