PODS:
  - AFNetworking (3.2.1):
    - AFNetworking/NSURLSession (= 3.2.1)
    - AFNetworking/Reachability (= 3.2.1)
    - AFNetworking/Security (= 3.2.1)
    - AFNetworking/Serialization (= 3.2.1)
    - AFNetworking/UIKit (= 3.2.1)
  - AFNetworking/NSURLSession (3.2.1):
    - AFNetworking/Reachability
    - AFNetworking/Security
    - AFNetworking/Serialization
  - AFNetworking/Reachability (3.2.1)
  - AFNetworking/Security (3.2.1)
  - AFNetworking/Serialization (3.2.1)
  - AFNetworking/UIKit (3.2.1):
    - AFNetworking/NSURLSession
  - BGFMDB (2.0.13):
    - BGFMDB/BG (= 2.0.13)
    - BGFMDB/FMDB (= 2.0.13)
  - BGFMDB/BG (2.0.13):
    - BGFMDB/FMDB
  - BGFMDB/FMDB (2.0.13)
  - DMProgressHUD (0.0.6)
  - iCards (1.1.0)
  - IconFont (0.0.2)
  - Masonry (1.1.0)
  - MBProgressHUD (1.0.0)
  - MJRefresh (3.1.15.7)
  - SDWebImage (4.0.0):
    - SDWebImage/Core (= 4.0.0)
  - SDWebImage/Core (4.0.0)
  - SSZipArchive (2.1.4)
  - WZLBadge (1.2.6)
  - YYImage (1.0.4):
    - YYImage/Core (= 1.0.4)
  - YYImage/Core (1.0.4)
  - YYImage/WebP (1.0.4):
    - YYImage/Core

DEPENDENCIES:
  - AFNetworking (~> 3.0)
  - BGFMDB (~> 2.0.9)
  - DMProgressHUD
  - iCards
  - IconFont (~> 0.0.2)
  - Masonry
  - MBProgressHUD (~> 1.0.0)
  - MJRefresh
  - SDWebImage (~> 4.0.0)
  - SSZipArchive
  - WZLBadge
  - YYImage
  - YYImage/WebP

SPEC REPOS:
  https://github.com/cocoapods/specs.git:
    - AFNetworking
    - BGFMDB
    - DMProgressHUD
    - iCards
    - IconFont
    - Masonry
    - MBProgressHUD
    - MJRefresh
    - SDWebImage
    - SSZipArchive
    - WZLBadge
    - YYImage

SPEC CHECKSUMS:
  AFNetworking: b6f891fdfaed196b46c7a83cf209e09697b94057
  BGFMDB: 48e6823027232402a678acc7f71484b1fc9171d0
  DMProgressHUD: 08d99c8a3db0ae7a0c2d79c6939e8c32a5f8bfa1
  iCards: 9f29cbfc7770572e02d35767632bd01508e8afd2
  IconFont: 2ea71fd37ea03acdb6025050dd36318de9fa37d9
  Masonry: 678fab65091a9290e40e2832a55e7ab731aad201
  MBProgressHUD: 4890f671c94e8a0f3cf959aa731e9de2f036d71a
  MJRefresh: 697f8ec75ebdbe9207767bb682cf0f51b0d8a41f
  SDWebImage: 76a6348bdc74eb5a55dd08a091ef298e56b55e41
  SSZipArchive: 41455d4b8d2b6ab93990820b50dc697c2554a322
  WZLBadge: 9ec779dcfd94c825518b395e8315fccaabff1bfa
  YYImage: 1e1b62a9997399593e4b9c4ecfbbabbf1d3f3b54

PODFILE CHECKSUM: 9722bb351209821a7ff794266fb2c521cfb6afbc

COCOAPODS: 1.5.3
